
Microsoft Visual Studio Solution File, Format Version 12.00
# Visual Studio Version 17
Project("{8BC9CEB8-8B4A-11D0-8D11-00A0C91BC942}") = "ALL_BUILD", "ALL_BUILD.vcxproj", "{F541327D-4747-348F-8727-8B605F7C4C1E}"
	ProjectSection(ProjectDependencies) = postProject
		{EFD3B951-46E8-3B84-9A11-1022ADF84C6E} = {EFD3B951-46E8-3B84-9A11-1022ADF84C6E}
		{F21A0CDD-CB91-338C-B515-68AC71596EA6} = {F21A0CDD-CB91-338C-B515-68AC71596EA6}
		{935D8556-BB9D-3896-93F7-DE42B18D57D6} = {935D8556-BB9D-3896-93F7-DE42B18D57D6}
		{5C5BAC3E-ACE8-3FCC-B384-65B3E36F5EF3} = {5C5BAC3E-ACE8-3FCC-B384-65B3E36F5EF3}
		{FE615A3C-6964-3EC8-820E-ACE2870EE1A0} = {FE615A3C-6964-3EC8-820E-ACE2870EE1A0}
		{EE4F2265-4C27-3E81-A27C-DCE3AA6BA211} = {EE4F2265-4C27-3E81-A27C-DCE3AA6BA211}
		{3F92C2D8-C641-34A1-86D7-CB3747138151} = {3F92C2D8-C641-34A1-86D7-CB3747138151}
		{C13183EE-A95E-3E3E-9C3D-D69E3A58A01B} = {C13183EE-A95E-3E3E-9C3D-D69E3A58A01B}
		{4A58B432-96C6-389B-875F-36EE775AF9C8} = {4A58B432-96C6-389B-875F-36EE775AF9C8}
		{5757E85E-0941-3994-A980-3FA25E1B19FC} = {5757E85E-0941-3994-A980-3FA25E1B19FC}
		{161964E1-EC97-3353-A378-93F56DC8ED3C} = {161964E1-EC97-3353-A378-93F56DC8ED3C}
		{2FDC5989-7A7B-3039-8D56-8AAF3EFFB5C8} = {2FDC5989-7A7B-3039-8D56-8AAF3EFFB5C8}
		{13C1B42F-88ED-38DB-9664-8779C1F8E713} = {13C1B42F-88ED-38DB-9664-8779C1F8E713}
		{B7A51831-88DB-3B47-8FA6-B6EC6E77BC4C} = {B7A51831-88DB-3B47-8FA6-B6EC6E77BC4C}
		{492274FC-BD3A-305A-A22A-B80A54960FE0} = {492274FC-BD3A-305A-A22A-B80A54960FE0}
		{0550F420-5425-39A3-8362-ACA614074805} = {0550F420-5425-39A3-8362-ACA614074805}
		{B352D367-E7B9-3BCB-A8F3-8AE673BE7787} = {B352D367-E7B9-3BCB-A8F3-8AE673BE7787}
		{BCD08AF5-2A21-34B0-ACEC-C9BBB4C4604A} = {BCD08AF5-2A21-34B0-ACEC-C9BBB4C4604A}
		{4679E93E-CFE5-3BD4-B0B0-5484B7540E34} = {4679E93E-CFE5-3BD4-B0B0-5484B7540E34}
		{C3C1426E-3EDA-36BB-A9C2-ED0564E423B9} = {C3C1426E-3EDA-36BB-A9C2-ED0564E423B9}
		{A88C4EDE-E41F-3509-AC62-E7356CB22E92} = {A88C4EDE-E41F-3509-AC62-E7356CB22E92}
		{2357D928-3396-3B6F-BDC3-36D55748DB47} = {2357D928-3396-3B6F-BDC3-36D55748DB47}
		{B9281441-7D97-38FF-B893-961FEB67DA50} = {B9281441-7D97-38FF-B893-961FEB67DA50}
		{2D889993-0974-3C6D-B42E-95845E6F6414} = {2D889993-0974-3C6D-B42E-95845E6F6414}
		{BDE6547A-5DE3-3EE8-AFA5-C634E59F9644} = {BDE6547A-5DE3-3EE8-AFA5-C634E59F9644}
		{69611819-04A0-3609-BDE2-1930B2A3F6A3} = {69611819-04A0-3609-BDE2-1930B2A3F6A3}
		{A12FC363-A317-301D-AC4D-0FFA64F25EAD} = {A12FC363-A317-301D-AC4D-0FFA64F25EAD}
	EndProjectSection
EndProject
Project("{8BC9CEB8-8B4A-11D0-8D11-00A0C91BC942}") = "Continuous", "Continuous.vcxproj", "{C06FB8B4-F32E-3349-89B7-D408C2565DB3}"
	ProjectSection(ProjectDependencies) = postProject
		{EFD3B951-46E8-3B84-9A11-1022ADF84C6E} = {EFD3B951-46E8-3B84-9A11-1022ADF84C6E}
	EndProjectSection
EndProject
Project("{8BC9CEB8-8B4A-11D0-8D11-00A0C91BC942}") = "Experimental", "Experimental.vcxproj", "{15DB4585-7D61-3E5E-8594-E48106862F65}"
	ProjectSection(ProjectDependencies) = postProject
		{EFD3B951-46E8-3B84-9A11-1022ADF84C6E} = {EFD3B951-46E8-3B84-9A11-1022ADF84C6E}
	EndProjectSection
EndProject
Project("{8BC9CEB8-8B4A-11D0-8D11-00A0C91BC942}") = "INSTALL", "INSTALL.vcxproj", "{59A6ACB2-0894-37F1-BE35-59ED3D9DC0E4}"
	ProjectSection(ProjectDependencies) = postProject
		{F541327D-4747-348F-8727-8B605F7C4C1E} = {F541327D-4747-348F-8727-8B605F7C4C1E}
		{EFD3B951-46E8-3B84-9A11-1022ADF84C6E} = {EFD3B951-46E8-3B84-9A11-1022ADF84C6E}
	EndProjectSection
EndProject
Project("{8BC9CEB8-8B4A-11D0-8D11-00A0C91BC942}") = "Nightly", "Nightly.vcxproj", "{FC73DB1F-D6A9-3E54-8C77-974980395312}"
	ProjectSection(ProjectDependencies) = postProject
		{EFD3B951-46E8-3B84-9A11-1022ADF84C6E} = {EFD3B951-46E8-3B84-9A11-1022ADF84C6E}
	EndProjectSection
EndProject
Project("{8BC9CEB8-8B4A-11D0-8D11-00A0C91BC942}") = "NightlyMemoryCheck", "NightlyMemoryCheck.vcxproj", "{C8D80DC3-C73D-3091-BC7A-0818ED402125}"
	ProjectSection(ProjectDependencies) = postProject
		{EFD3B951-46E8-3B84-9A11-1022ADF84C6E} = {EFD3B951-46E8-3B84-9A11-1022ADF84C6E}
	EndProjectSection
EndProject
Project("{8BC9CEB8-8B4A-11D0-8D11-00A0C91BC942}") = "RUN_TESTS", "RUN_TESTS.vcxproj", "{54477716-2CB2-3055-8589-10D151874315}"
	ProjectSection(ProjectDependencies) = postProject
		{EFD3B951-46E8-3B84-9A11-1022ADF84C6E} = {EFD3B951-46E8-3B84-9A11-1022ADF84C6E}
	EndProjectSection
EndProject
Project("{8BC9CEB8-8B4A-11D0-8D11-00A0C91BC942}") = "ZERO_CHECK", "ZERO_CHECK.vcxproj", "{EFD3B951-46E8-3B84-9A11-1022ADF84C6E}"
	ProjectSection(ProjectDependencies) = postProject
	EndProjectSection
EndProject
Project("{8BC9CEB8-8B4A-11D0-8D11-00A0C91BC942}") = "bench", "bench.vcxproj", "{F21A0CDD-CB91-338C-B515-68AC71596EA6}"
	ProjectSection(ProjectDependencies) = postProject
		{EFD3B951-46E8-3B84-9A11-1022ADF84C6E} = {EFD3B951-46E8-3B84-9A11-1022ADF84C6E}
		{C13183EE-A95E-3E3E-9C3D-D69E3A58A01B} = {C13183EE-A95E-3E3E-9C3D-D69E3A58A01B}
		{4A58B432-96C6-389B-875F-36EE775AF9C8} = {4A58B432-96C6-389B-875F-36EE775AF9C8}
	EndProjectSection
EndProject
Project("{8BC9CEB8-8B4A-11D0-8D11-00A0C91BC942}") = "bench_cascade", "bench_cascade.vcxproj", "{935D8556-BB9D-3896-93F7-DE42B18D57D6}"
	ProjectSection(ProjectDependencies) = postProject
		{EFD3B951-46E8-3B84-9A11-1022ADF84C6E} = {EFD3B951-46E8-3B84-9A11-1022ADF84C6E}
		{C13183EE-A95E-3E3E-9C3D-D69E3A58A01B} = {C13183EE-A95E-3E3E-9C3D-D69E3A58A01B}
		{4A58B432-96C6-389B-875F-36EE775AF9C8} = {4A58B432-96C6-389B-875F-36EE775AF9C8}
	EndProjectSection
EndProject
Project("{8BC9CEB8-8B4A-11D0-8D11-00A0C91BC942}") = "bench_http", "bench_http.vcxproj", "{5C5BAC3E-ACE8-3FCC-B384-65B3E36F5EF3}"
	ProjectSection(ProjectDependencies) = postProject
		{EFD3B951-46E8-3B84-9A11-1022ADF84C6E} = {EFD3B951-46E8-3B84-9A11-1022ADF84C6E}
		{C13183EE-A95E-3E3E-9C3D-D69E3A58A01B} = {C13183EE-A95E-3E3E-9C3D-D69E3A58A01B}
		{4A58B432-96C6-389B-875F-36EE775AF9C8} = {4A58B432-96C6-389B-875F-36EE775AF9C8}
	EndProjectSection
EndProject
Project("{8BC9CEB8-8B4A-11D0-8D11-00A0C91BC942}") = "bench_httpclient", "bench_httpclient.vcxproj", "{FE615A3C-6964-3EC8-820E-ACE2870EE1A0}"
	ProjectSection(ProjectDependencies) = postProject
		{EFD3B951-46E8-3B84-9A11-1022ADF84C6E} = {EFD3B951-46E8-3B84-9A11-1022ADF84C6E}
		{C13183EE-A95E-3E3E-9C3D-D69E3A58A01B} = {C13183EE-A95E-3E3E-9C3D-D69E3A58A01B}
		{4A58B432-96C6-389B-875F-36EE775AF9C8} = {4A58B432-96C6-389B-875F-36EE775AF9C8}
	EndProjectSection
EndProject
Project("{8BC9CEB8-8B4A-11D0-8D11-00A0C91BC942}") = "dns-example", "dns-example.vcxproj", "{EE4F2265-4C27-3E81-A27C-DCE3AA6BA211}"
	ProjectSection(ProjectDependencies) = postProject
		{EFD3B951-46E8-3B84-9A11-1022ADF84C6E} = {EFD3B951-46E8-3B84-9A11-1022ADF84C6E}
		{C13183EE-A95E-3E3E-9C3D-D69E3A58A01B} = {C13183EE-A95E-3E3E-9C3D-D69E3A58A01B}
		{4A58B432-96C6-389B-875F-36EE775AF9C8} = {4A58B432-96C6-389B-875F-36EE775AF9C8}
	EndProjectSection
EndProject
Project("{8BC9CEB8-8B4A-11D0-8D11-00A0C91BC942}") = "event-read-fifo", "event-read-fifo.vcxproj", "{3F92C2D8-C641-34A1-86D7-CB3747138151}"
	ProjectSection(ProjectDependencies) = postProject
		{EFD3B951-46E8-3B84-9A11-1022ADF84C6E} = {EFD3B951-46E8-3B84-9A11-1022ADF84C6E}
		{C13183EE-A95E-3E3E-9C3D-D69E3A58A01B} = {C13183EE-A95E-3E3E-9C3D-D69E3A58A01B}
		{4A58B432-96C6-389B-875F-36EE775AF9C8} = {4A58B432-96C6-389B-875F-36EE775AF9C8}
	EndProjectSection
EndProject
Project("{8BC9CEB8-8B4A-11D0-8D11-00A0C91BC942}") = "event_core_shared", "event_core_shared.vcxproj", "{C13183EE-A95E-3E3E-9C3D-D69E3A58A01B}"
	ProjectSection(ProjectDependencies) = postProject
		{EFD3B951-46E8-3B84-9A11-1022ADF84C6E} = {EFD3B951-46E8-3B84-9A11-1022ADF84C6E}
	EndProjectSection
EndProject
Project("{8BC9CEB8-8B4A-11D0-8D11-00A0C91BC942}") = "event_extra_shared", "event_extra_shared.vcxproj", "{4A58B432-96C6-389B-875F-36EE775AF9C8}"
	ProjectSection(ProjectDependencies) = postProject
		{EFD3B951-46E8-3B84-9A11-1022ADF84C6E} = {EFD3B951-46E8-3B84-9A11-1022ADF84C6E}
		{C13183EE-A95E-3E3E-9C3D-D69E3A58A01B} = {C13183EE-A95E-3E3E-9C3D-D69E3A58A01B}
	EndProjectSection
EndProject
Project("{8BC9CEB8-8B4A-11D0-8D11-00A0C91BC942}") = "event_openssl_shared", "event_openssl_shared.vcxproj", "{5757E85E-0941-3994-A980-3FA25E1B19FC}"
	ProjectSection(ProjectDependencies) = postProject
		{EFD3B951-46E8-3B84-9A11-1022ADF84C6E} = {EFD3B951-46E8-3B84-9A11-1022ADF84C6E}
		{C13183EE-A95E-3E3E-9C3D-D69E3A58A01B} = {C13183EE-A95E-3E3E-9C3D-D69E3A58A01B}
	EndProjectSection
EndProject
Project("{8BC9CEB8-8B4A-11D0-8D11-00A0C91BC942}") = "event_shared", "event_shared.vcxproj", "{161964E1-EC97-3353-A378-93F56DC8ED3C}"
	ProjectSection(ProjectDependencies) = postProject
		{EFD3B951-46E8-3B84-9A11-1022ADF84C6E} = {EFD3B951-46E8-3B84-9A11-1022ADF84C6E}
		{C13183EE-A95E-3E3E-9C3D-D69E3A58A01B} = {C13183EE-A95E-3E3E-9C3D-D69E3A58A01B}
	EndProjectSection
EndProject
Project("{8BC9CEB8-8B4A-11D0-8D11-00A0C91BC942}") = "hello-world", "hello-world.vcxproj", "{2FDC5989-7A7B-3039-8D56-8AAF3EFFB5C8}"
	ProjectSection(ProjectDependencies) = postProject
		{EFD3B951-46E8-3B84-9A11-1022ADF84C6E} = {EFD3B951-46E8-3B84-9A11-1022ADF84C6E}
		{C13183EE-A95E-3E3E-9C3D-D69E3A58A01B} = {C13183EE-A95E-3E3E-9C3D-D69E3A58A01B}
		{4A58B432-96C6-389B-875F-36EE775AF9C8} = {4A58B432-96C6-389B-875F-36EE775AF9C8}
	EndProjectSection
EndProject
Project("{8BC9CEB8-8B4A-11D0-8D11-00A0C91BC942}") = "http-connect", "http-connect.vcxproj", "{13C1B42F-88ED-38DB-9664-8779C1F8E713}"
	ProjectSection(ProjectDependencies) = postProject
		{EFD3B951-46E8-3B84-9A11-1022ADF84C6E} = {EFD3B951-46E8-3B84-9A11-1022ADF84C6E}
		{C13183EE-A95E-3E3E-9C3D-D69E3A58A01B} = {C13183EE-A95E-3E3E-9C3D-D69E3A58A01B}
		{4A58B432-96C6-389B-875F-36EE775AF9C8} = {4A58B432-96C6-389B-875F-36EE775AF9C8}
	EndProjectSection
EndProject
Project("{8BC9CEB8-8B4A-11D0-8D11-00A0C91BC942}") = "http-server", "http-server.vcxproj", "{B7A51831-88DB-3B47-8FA6-B6EC6E77BC4C}"
	ProjectSection(ProjectDependencies) = postProject
		{EFD3B951-46E8-3B84-9A11-1022ADF84C6E} = {EFD3B951-46E8-3B84-9A11-1022ADF84C6E}
		{C13183EE-A95E-3E3E-9C3D-D69E3A58A01B} = {C13183EE-A95E-3E3E-9C3D-D69E3A58A01B}
		{4A58B432-96C6-389B-875F-36EE775AF9C8} = {4A58B432-96C6-389B-875F-36EE775AF9C8}
	EndProjectSection
EndProject
Project("{8BC9CEB8-8B4A-11D0-8D11-00A0C91BC942}") = "https-client", "https-client.vcxproj", "{492274FC-BD3A-305A-A22A-B80A54960FE0}"
	ProjectSection(ProjectDependencies) = postProject
		{EFD3B951-46E8-3B84-9A11-1022ADF84C6E} = {EFD3B951-46E8-3B84-9A11-1022ADF84C6E}
		{C13183EE-A95E-3E3E-9C3D-D69E3A58A01B} = {C13183EE-A95E-3E3E-9C3D-D69E3A58A01B}
		{4A58B432-96C6-389B-875F-36EE775AF9C8} = {4A58B432-96C6-389B-875F-36EE775AF9C8}
		{5757E85E-0941-3994-A980-3FA25E1B19FC} = {5757E85E-0941-3994-A980-3FA25E1B19FC}
	EndProjectSection
EndProject
Project("{8BC9CEB8-8B4A-11D0-8D11-00A0C91BC942}") = "le-proxy", "le-proxy.vcxproj", "{0550F420-5425-39A3-8362-ACA614074805}"
	ProjectSection(ProjectDependencies) = postProject
		{EFD3B951-46E8-3B84-9A11-1022ADF84C6E} = {EFD3B951-46E8-3B84-9A11-1022ADF84C6E}
		{C13183EE-A95E-3E3E-9C3D-D69E3A58A01B} = {C13183EE-A95E-3E3E-9C3D-D69E3A58A01B}
		{4A58B432-96C6-389B-875F-36EE775AF9C8} = {4A58B432-96C6-389B-875F-36EE775AF9C8}
		{5757E85E-0941-3994-A980-3FA25E1B19FC} = {5757E85E-0941-3994-A980-3FA25E1B19FC}
	EndProjectSection
EndProject
Project("{8BC9CEB8-8B4A-11D0-8D11-00A0C91BC942}") = "signal-test", "signal-test.vcxproj", "{B352D367-E7B9-3BCB-A8F3-8AE673BE7787}"
	ProjectSection(ProjectDependencies) = postProject
		{EFD3B951-46E8-3B84-9A11-1022ADF84C6E} = {EFD3B951-46E8-3B84-9A11-1022ADF84C6E}
		{C13183EE-A95E-3E3E-9C3D-D69E3A58A01B} = {C13183EE-A95E-3E3E-9C3D-D69E3A58A01B}
		{4A58B432-96C6-389B-875F-36EE775AF9C8} = {4A58B432-96C6-389B-875F-36EE775AF9C8}
	EndProjectSection
EndProject
Project("{8BC9CEB8-8B4A-11D0-8D11-00A0C91BC942}") = "test-changelist", "test-changelist.vcxproj", "{BCD08AF5-2A21-34B0-ACEC-C9BBB4C4604A}"
	ProjectSection(ProjectDependencies) = postProject
		{EFD3B951-46E8-3B84-9A11-1022ADF84C6E} = {EFD3B951-46E8-3B84-9A11-1022ADF84C6E}
		{C13183EE-A95E-3E3E-9C3D-D69E3A58A01B} = {C13183EE-A95E-3E3E-9C3D-D69E3A58A01B}
		{4A58B432-96C6-389B-875F-36EE775AF9C8} = {4A58B432-96C6-389B-875F-36EE775AF9C8}
	EndProjectSection
EndProject
Project("{8BC9CEB8-8B4A-11D0-8D11-00A0C91BC942}") = "test-closed", "test-closed.vcxproj", "{4679E93E-CFE5-3BD4-B0B0-5484B7540E34}"
	ProjectSection(ProjectDependencies) = postProject
		{EFD3B951-46E8-3B84-9A11-1022ADF84C6E} = {EFD3B951-46E8-3B84-9A11-1022ADF84C6E}
		{C13183EE-A95E-3E3E-9C3D-D69E3A58A01B} = {C13183EE-A95E-3E3E-9C3D-D69E3A58A01B}
		{4A58B432-96C6-389B-875F-36EE775AF9C8} = {4A58B432-96C6-389B-875F-36EE775AF9C8}
	EndProjectSection
EndProject
Project("{8BC9CEB8-8B4A-11D0-8D11-00A0C91BC942}") = "test-dumpevents", "test-dumpevents.vcxproj", "{C3C1426E-3EDA-36BB-A9C2-ED0564E423B9}"
	ProjectSection(ProjectDependencies) = postProject
		{EFD3B951-46E8-3B84-9A11-1022ADF84C6E} = {EFD3B951-46E8-3B84-9A11-1022ADF84C6E}
		{C13183EE-A95E-3E3E-9C3D-D69E3A58A01B} = {C13183EE-A95E-3E3E-9C3D-D69E3A58A01B}
		{4A58B432-96C6-389B-875F-36EE775AF9C8} = {4A58B432-96C6-389B-875F-36EE775AF9C8}
	EndProjectSection
EndProject
Project("{8BC9CEB8-8B4A-11D0-8D11-00A0C91BC942}") = "test-eof", "test-eof.vcxproj", "{A88C4EDE-E41F-3509-AC62-E7356CB22E92}"
	ProjectSection(ProjectDependencies) = postProject
		{EFD3B951-46E8-3B84-9A11-1022ADF84C6E} = {EFD3B951-46E8-3B84-9A11-1022ADF84C6E}
		{C13183EE-A95E-3E3E-9C3D-D69E3A58A01B} = {C13183EE-A95E-3E3E-9C3D-D69E3A58A01B}
		{4A58B432-96C6-389B-875F-36EE775AF9C8} = {4A58B432-96C6-389B-875F-36EE775AF9C8}
	EndProjectSection
EndProject
Project("{8BC9CEB8-8B4A-11D0-8D11-00A0C91BC942}") = "test-fdleak", "test-fdleak.vcxproj", "{2357D928-3396-3B6F-BDC3-36D55748DB47}"
	ProjectSection(ProjectDependencies) = postProject
		{EFD3B951-46E8-3B84-9A11-1022ADF84C6E} = {EFD3B951-46E8-3B84-9A11-1022ADF84C6E}
		{C13183EE-A95E-3E3E-9C3D-D69E3A58A01B} = {C13183EE-A95E-3E3E-9C3D-D69E3A58A01B}
		{4A58B432-96C6-389B-875F-36EE775AF9C8} = {4A58B432-96C6-389B-875F-36EE775AF9C8}
	EndProjectSection
EndProject
Project("{8BC9CEB8-8B4A-11D0-8D11-00A0C91BC942}") = "test-init", "test-init.vcxproj", "{B9281441-7D97-38FF-B893-961FEB67DA50}"
	ProjectSection(ProjectDependencies) = postProject
		{EFD3B951-46E8-3B84-9A11-1022ADF84C6E} = {EFD3B951-46E8-3B84-9A11-1022ADF84C6E}
		{C13183EE-A95E-3E3E-9C3D-D69E3A58A01B} = {C13183EE-A95E-3E3E-9C3D-D69E3A58A01B}
		{4A58B432-96C6-389B-875F-36EE775AF9C8} = {4A58B432-96C6-389B-875F-36EE775AF9C8}
	EndProjectSection
EndProject
Project("{8BC9CEB8-8B4A-11D0-8D11-00A0C91BC942}") = "test-ratelim", "test-ratelim.vcxproj", "{2D889993-0974-3C6D-B42E-95845E6F6414}"
	ProjectSection(ProjectDependencies) = postProject
		{EFD3B951-46E8-3B84-9A11-1022ADF84C6E} = {EFD3B951-46E8-3B84-9A11-1022ADF84C6E}
		{C13183EE-A95E-3E3E-9C3D-D69E3A58A01B} = {C13183EE-A95E-3E3E-9C3D-D69E3A58A01B}
		{4A58B432-96C6-389B-875F-36EE775AF9C8} = {4A58B432-96C6-389B-875F-36EE775AF9C8}
	EndProjectSection
EndProject
Project("{8BC9CEB8-8B4A-11D0-8D11-00A0C91BC942}") = "test-time", "test-time.vcxproj", "{BDE6547A-5DE3-3EE8-AFA5-C634E59F9644}"
	ProjectSection(ProjectDependencies) = postProject
		{EFD3B951-46E8-3B84-9A11-1022ADF84C6E} = {EFD3B951-46E8-3B84-9A11-1022ADF84C6E}
		{C13183EE-A95E-3E3E-9C3D-D69E3A58A01B} = {C13183EE-A95E-3E3E-9C3D-D69E3A58A01B}
		{4A58B432-96C6-389B-875F-36EE775AF9C8} = {4A58B432-96C6-389B-875F-36EE775AF9C8}
	EndProjectSection
EndProject
Project("{8BC9CEB8-8B4A-11D0-8D11-00A0C91BC942}") = "test-weof", "test-weof.vcxproj", "{69611819-04A0-3609-BDE2-1930B2A3F6A3}"
	ProjectSection(ProjectDependencies) = postProject
		{EFD3B951-46E8-3B84-9A11-1022ADF84C6E} = {EFD3B951-46E8-3B84-9A11-1022ADF84C6E}
		{C13183EE-A95E-3E3E-9C3D-D69E3A58A01B} = {C13183EE-A95E-3E3E-9C3D-D69E3A58A01B}
		{4A58B432-96C6-389B-875F-36EE775AF9C8} = {4A58B432-96C6-389B-875F-36EE775AF9C8}
	EndProjectSection
EndProject
Project("{8BC9CEB8-8B4A-11D0-8D11-00A0C91BC942}") = "time-test", "time-test.vcxproj", "{A12FC363-A317-301D-AC4D-0FFA64F25EAD}"
	ProjectSection(ProjectDependencies) = postProject
		{EFD3B951-46E8-3B84-9A11-1022ADF84C6E} = {EFD3B951-46E8-3B84-9A11-1022ADF84C6E}
		{C13183EE-A95E-3E3E-9C3D-D69E3A58A01B} = {C13183EE-A95E-3E3E-9C3D-D69E3A58A01B}
		{4A58B432-96C6-389B-875F-36EE775AF9C8} = {4A58B432-96C6-389B-875F-36EE775AF9C8}
	EndProjectSection
EndProject
Project("{8BC9CEB8-8B4A-11D0-8D11-00A0C91BC942}") = "uninstall", "uninstall.vcxproj", "{2F428957-9779-3E45-A363-086F5B0B348F}"
	ProjectSection(ProjectDependencies) = postProject
		{EFD3B951-46E8-3B84-9A11-1022ADF84C6E} = {EFD3B951-46E8-3B84-9A11-1022ADF84C6E}
	EndProjectSection
EndProject
Project("{8BC9CEB8-8B4A-11D0-8D11-00A0C91BC942}") = "verify", "verify.vcxproj", "{04538FAB-A551-3161-A741-741574D36A50}"
	ProjectSection(ProjectDependencies) = postProject
		{EFD3B951-46E8-3B84-9A11-1022ADF84C6E} = {EFD3B951-46E8-3B84-9A11-1022ADF84C6E}
		{BCD08AF5-2A21-34B0-ACEC-C9BBB4C4604A} = {BCD08AF5-2A21-34B0-ACEC-C9BBB4C4604A}
		{4679E93E-CFE5-3BD4-B0B0-5484B7540E34} = {4679E93E-CFE5-3BD4-B0B0-5484B7540E34}
		{C3C1426E-3EDA-36BB-A9C2-ED0564E423B9} = {C3C1426E-3EDA-36BB-A9C2-ED0564E423B9}
		{A88C4EDE-E41F-3509-AC62-E7356CB22E92} = {A88C4EDE-E41F-3509-AC62-E7356CB22E92}
		{2357D928-3396-3B6F-BDC3-36D55748DB47} = {2357D928-3396-3B6F-BDC3-36D55748DB47}
		{B9281441-7D97-38FF-B893-961FEB67DA50} = {B9281441-7D97-38FF-B893-961FEB67DA50}
		{2D889993-0974-3C6D-B42E-95845E6F6414} = {2D889993-0974-3C6D-B42E-95845E6F6414}
		{BDE6547A-5DE3-3EE8-AFA5-C634E59F9644} = {BDE6547A-5DE3-3EE8-AFA5-C634E59F9644}
		{69611819-04A0-3609-BDE2-1930B2A3F6A3} = {69611819-04A0-3609-BDE2-1930B2A3F6A3}
	EndProjectSection
EndProject
Global
	GlobalSection(SolutionConfigurationPlatforms) = preSolution
		Debug|x64 = Debug|x64
		Release|x64 = Release|x64
	EndGlobalSection
	GlobalSection(ProjectConfigurationPlatforms) = postSolution
		{F541327D-4747-348F-8727-8B605F7C4C1E}.Debug|x64.ActiveCfg = Debug|x64
		{F541327D-4747-348F-8727-8B605F7C4C1E}.Debug|x64.Build.0 = Debug|x64
		{F541327D-4747-348F-8727-8B605F7C4C1E}.Release|x64.ActiveCfg = Release|x64
		{F541327D-4747-348F-8727-8B605F7C4C1E}.Release|x64.Build.0 = Release|x64
		{C06FB8B4-F32E-3349-89B7-D408C2565DB3}.Debug|x64.ActiveCfg = Debug|x64
		{C06FB8B4-F32E-3349-89B7-D408C2565DB3}.Release|x64.ActiveCfg = Release|x64
		{15DB4585-7D61-3E5E-8594-E48106862F65}.Debug|x64.ActiveCfg = Debug|x64
		{15DB4585-7D61-3E5E-8594-E48106862F65}.Release|x64.ActiveCfg = Release|x64
		{59A6ACB2-0894-37F1-BE35-59ED3D9DC0E4}.Debug|x64.ActiveCfg = Debug|x64
		{59A6ACB2-0894-37F1-BE35-59ED3D9DC0E4}.Release|x64.ActiveCfg = Release|x64
		{FC73DB1F-D6A9-3E54-8C77-974980395312}.Debug|x64.ActiveCfg = Debug|x64
		{FC73DB1F-D6A9-3E54-8C77-974980395312}.Release|x64.ActiveCfg = Release|x64
		{C8D80DC3-C73D-3091-BC7A-0818ED402125}.Debug|x64.ActiveCfg = Debug|x64
		{C8D80DC3-C73D-3091-BC7A-0818ED402125}.Release|x64.ActiveCfg = Release|x64
		{54477716-2CB2-3055-8589-10D151874315}.Debug|x64.ActiveCfg = Debug|x64
		{54477716-2CB2-3055-8589-10D151874315}.Release|x64.ActiveCfg = Release|x64
		{EFD3B951-46E8-3B84-9A11-1022ADF84C6E}.Debug|x64.ActiveCfg = Debug|x64
		{EFD3B951-46E8-3B84-9A11-1022ADF84C6E}.Debug|x64.Build.0 = Debug|x64
		{EFD3B951-46E8-3B84-9A11-1022ADF84C6E}.Release|x64.ActiveCfg = Release|x64
		{EFD3B951-46E8-3B84-9A11-1022ADF84C6E}.Release|x64.Build.0 = Release|x64
		{F21A0CDD-CB91-338C-B515-68AC71596EA6}.Debug|x64.ActiveCfg = Debug|x64
		{F21A0CDD-CB91-338C-B515-68AC71596EA6}.Debug|x64.Build.0 = Debug|x64
		{F21A0CDD-CB91-338C-B515-68AC71596EA6}.Release|x64.ActiveCfg = Release|x64
		{F21A0CDD-CB91-338C-B515-68AC71596EA6}.Release|x64.Build.0 = Release|x64
		{935D8556-BB9D-3896-93F7-DE42B18D57D6}.Debug|x64.ActiveCfg = Debug|x64
		{935D8556-BB9D-3896-93F7-DE42B18D57D6}.Debug|x64.Build.0 = Debug|x64
		{935D8556-BB9D-3896-93F7-DE42B18D57D6}.Release|x64.ActiveCfg = Release|x64
		{935D8556-BB9D-3896-93F7-DE42B18D57D6}.Release|x64.Build.0 = Release|x64
		{5C5BAC3E-ACE8-3FCC-B384-65B3E36F5EF3}.Debug|x64.ActiveCfg = Debug|x64
		{5C5BAC3E-ACE8-3FCC-B384-65B3E36F5EF3}.Debug|x64.Build.0 = Debug|x64
		{5C5BAC3E-ACE8-3FCC-B384-65B3E36F5EF3}.Release|x64.ActiveCfg = Release|x64
		{5C5BAC3E-ACE8-3FCC-B384-65B3E36F5EF3}.Release|x64.Build.0 = Release|x64
		{FE615A3C-6964-3EC8-820E-ACE2870EE1A0}.Debug|x64.ActiveCfg = Debug|x64
		{FE615A3C-6964-3EC8-820E-ACE2870EE1A0}.Debug|x64.Build.0 = Debug|x64
		{FE615A3C-6964-3EC8-820E-ACE2870EE1A0}.Release|x64.ActiveCfg = Release|x64
		{FE615A3C-6964-3EC8-820E-ACE2870EE1A0}.Release|x64.Build.0 = Release|x64
		{EE4F2265-4C27-3E81-A27C-DCE3AA6BA211}.Debug|x64.ActiveCfg = Debug|x64
		{EE4F2265-4C27-3E81-A27C-DCE3AA6BA211}.Debug|x64.Build.0 = Debug|x64
		{EE4F2265-4C27-3E81-A27C-DCE3AA6BA211}.Release|x64.ActiveCfg = Release|x64
		{EE4F2265-4C27-3E81-A27C-DCE3AA6BA211}.Release|x64.Build.0 = Release|x64
		{3F92C2D8-C641-34A1-86D7-CB3747138151}.Debug|x64.ActiveCfg = Debug|x64
		{3F92C2D8-C641-34A1-86D7-CB3747138151}.Debug|x64.Build.0 = Debug|x64
		{3F92C2D8-C641-34A1-86D7-CB3747138151}.Release|x64.ActiveCfg = Release|x64
		{3F92C2D8-C641-34A1-86D7-CB3747138151}.Release|x64.Build.0 = Release|x64
		{C13183EE-A95E-3E3E-9C3D-D69E3A58A01B}.Debug|x64.ActiveCfg = Debug|x64
		{C13183EE-A95E-3E3E-9C3D-D69E3A58A01B}.Debug|x64.Build.0 = Debug|x64
		{C13183EE-A95E-3E3E-9C3D-D69E3A58A01B}.Release|x64.ActiveCfg = Release|x64
		{C13183EE-A95E-3E3E-9C3D-D69E3A58A01B}.Release|x64.Build.0 = Release|x64
		{4A58B432-96C6-389B-875F-36EE775AF9C8}.Debug|x64.ActiveCfg = Debug|x64
		{4A58B432-96C6-389B-875F-36EE775AF9C8}.Debug|x64.Build.0 = Debug|x64
		{4A58B432-96C6-389B-875F-36EE775AF9C8}.Release|x64.ActiveCfg = Release|x64
		{4A58B432-96C6-389B-875F-36EE775AF9C8}.Release|x64.Build.0 = Release|x64
		{5757E85E-0941-3994-A980-3FA25E1B19FC}.Debug|x64.ActiveCfg = Debug|x64
		{5757E85E-0941-3994-A980-3FA25E1B19FC}.Debug|x64.Build.0 = Debug|x64
		{5757E85E-0941-3994-A980-3FA25E1B19FC}.Release|x64.ActiveCfg = Release|x64
		{5757E85E-0941-3994-A980-3FA25E1B19FC}.Release|x64.Build.0 = Release|x64
		{161964E1-EC97-3353-A378-93F56DC8ED3C}.Debug|x64.ActiveCfg = Debug|x64
		{161964E1-EC97-3353-A378-93F56DC8ED3C}.Debug|x64.Build.0 = Debug|x64
		{161964E1-EC97-3353-A378-93F56DC8ED3C}.Release|x64.ActiveCfg = Release|x64
		{161964E1-EC97-3353-A378-93F56DC8ED3C}.Release|x64.Build.0 = Release|x64
		{2FDC5989-7A7B-3039-8D56-8AAF3EFFB5C8}.Debug|x64.ActiveCfg = Debug|x64
		{2FDC5989-7A7B-3039-8D56-8AAF3EFFB5C8}.Debug|x64.Build.0 = Debug|x64
		{2FDC5989-7A7B-3039-8D56-8AAF3EFFB5C8}.Release|x64.ActiveCfg = Release|x64
		{2FDC5989-7A7B-3039-8D56-8AAF3EFFB5C8}.Release|x64.Build.0 = Release|x64
		{13C1B42F-88ED-38DB-9664-8779C1F8E713}.Debug|x64.ActiveCfg = Debug|x64
		{13C1B42F-88ED-38DB-9664-8779C1F8E713}.Debug|x64.Build.0 = Debug|x64
		{13C1B42F-88ED-38DB-9664-8779C1F8E713}.Release|x64.ActiveCfg = Release|x64
		{13C1B42F-88ED-38DB-9664-8779C1F8E713}.Release|x64.Build.0 = Release|x64
		{B7A51831-88DB-3B47-8FA6-B6EC6E77BC4C}.Debug|x64.ActiveCfg = Debug|x64
		{B7A51831-88DB-3B47-8FA6-B6EC6E77BC4C}.Debug|x64.Build.0 = Debug|x64
		{B7A51831-88DB-3B47-8FA6-B6EC6E77BC4C}.Release|x64.ActiveCfg = Release|x64
		{B7A51831-88DB-3B47-8FA6-B6EC6E77BC4C}.Release|x64.Build.0 = Release|x64
		{492274FC-BD3A-305A-A22A-B80A54960FE0}.Debug|x64.ActiveCfg = Debug|x64
		{492274FC-BD3A-305A-A22A-B80A54960FE0}.Debug|x64.Build.0 = Debug|x64
		{492274FC-BD3A-305A-A22A-B80A54960FE0}.Release|x64.ActiveCfg = Release|x64
		{492274FC-BD3A-305A-A22A-B80A54960FE0}.Release|x64.Build.0 = Release|x64
		{0550F420-5425-39A3-8362-ACA614074805}.Debug|x64.ActiveCfg = Debug|x64
		{0550F420-5425-39A3-8362-ACA614074805}.Debug|x64.Build.0 = Debug|x64
		{0550F420-5425-39A3-8362-ACA614074805}.Release|x64.ActiveCfg = Release|x64
		{0550F420-5425-39A3-8362-ACA614074805}.Release|x64.Build.0 = Release|x64
		{B352D367-E7B9-3BCB-A8F3-8AE673BE7787}.Debug|x64.ActiveCfg = Debug|x64
		{B352D367-E7B9-3BCB-A8F3-8AE673BE7787}.Debug|x64.Build.0 = Debug|x64
		{B352D367-E7B9-3BCB-A8F3-8AE673BE7787}.Release|x64.ActiveCfg = Release|x64
		{B352D367-E7B9-3BCB-A8F3-8AE673BE7787}.Release|x64.Build.0 = Release|x64
		{BCD08AF5-2A21-34B0-ACEC-C9BBB4C4604A}.Debug|x64.ActiveCfg = Debug|x64
		{BCD08AF5-2A21-34B0-ACEC-C9BBB4C4604A}.Debug|x64.Build.0 = Debug|x64
		{BCD08AF5-2A21-34B0-ACEC-C9BBB4C4604A}.Release|x64.ActiveCfg = Release|x64
		{BCD08AF5-2A21-34B0-ACEC-C9BBB4C4604A}.Release|x64.Build.0 = Release|x64
		{4679E93E-CFE5-3BD4-B0B0-5484B7540E34}.Debug|x64.ActiveCfg = Debug|x64
		{4679E93E-CFE5-3BD4-B0B0-5484B7540E34}.Debug|x64.Build.0 = Debug|x64
		{4679E93E-CFE5-3BD4-B0B0-5484B7540E34}.Release|x64.ActiveCfg = Release|x64
		{4679E93E-CFE5-3BD4-B0B0-5484B7540E34}.Release|x64.Build.0 = Release|x64
		{C3C1426E-3EDA-36BB-A9C2-ED0564E423B9}.Debug|x64.ActiveCfg = Debug|x64
		{C3C1426E-3EDA-36BB-A9C2-ED0564E423B9}.Debug|x64.Build.0 = Debug|x64
		{C3C1426E-3EDA-36BB-A9C2-ED0564E423B9}.Release|x64.ActiveCfg = Release|x64
		{C3C1426E-3EDA-36BB-A9C2-ED0564E423B9}.Release|x64.Build.0 = Release|x64
		{A88C4EDE-E41F-3509-AC62-E7356CB22E92}.Debug|x64.ActiveCfg = Debug|x64
		{A88C4EDE-E41F-3509-AC62-E7356CB22E92}.Debug|x64.Build.0 = Debug|x64
		{A88C4EDE-E41F-3509-AC62-E7356CB22E92}.Release|x64.ActiveCfg = Release|x64
		{A88C4EDE-E41F-3509-AC62-E7356CB22E92}.Release|x64.Build.0 = Release|x64
		{2357D928-3396-3B6F-BDC3-36D55748DB47}.Debug|x64.ActiveCfg = Debug|x64
		{2357D928-3396-3B6F-BDC3-36D55748DB47}.Debug|x64.Build.0 = Debug|x64
		{2357D928-3396-3B6F-BDC3-36D55748DB47}.Release|x64.ActiveCfg = Release|x64
		{2357D928-3396-3B6F-BDC3-36D55748DB47}.Release|x64.Build.0 = Release|x64
		{B9281441-7D97-38FF-B893-961FEB67DA50}.Debug|x64.ActiveCfg = Debug|x64
		{B9281441-7D97-38FF-B893-961FEB67DA50}.Debug|x64.Build.0 = Debug|x64
		{B9281441-7D97-38FF-B893-961FEB67DA50}.Release|x64.ActiveCfg = Release|x64
		{B9281441-7D97-38FF-B893-961FEB67DA50}.Release|x64.Build.0 = Release|x64
		{2D889993-0974-3C6D-B42E-95845E6F6414}.Debug|x64.ActiveCfg = Debug|x64
		{2D889993-0974-3C6D-B42E-95845E6F6414}.Debug|x64.Build.0 = Debug|x64
		{2D889993-0974-3C6D-B42E-95845E6F6414}.Release|x64.ActiveCfg = Release|x64
		{2D889993-0974-3C6D-B42E-95845E6F6414}.Release|x64.Build.0 = Release|x64
		{BDE6547A-5DE3-3EE8-AFA5-C634E59F9644}.Debug|x64.ActiveCfg = Debug|x64
		{BDE6547A-5DE3-3EE8-AFA5-C634E59F9644}.Debug|x64.Build.0 = Debug|x64
		{BDE6547A-5DE3-3EE8-AFA5-C634E59F9644}.Release|x64.ActiveCfg = Release|x64
		{BDE6547A-5DE3-3EE8-AFA5-C634E59F9644}.Release|x64.Build.0 = Release|x64
		{69611819-04A0-3609-BDE2-1930B2A3F6A3}.Debug|x64.ActiveCfg = Debug|x64
		{69611819-04A0-3609-BDE2-1930B2A3F6A3}.Debug|x64.Build.0 = Debug|x64
		{69611819-04A0-3609-BDE2-1930B2A3F6A3}.Release|x64.ActiveCfg = Release|x64
		{69611819-04A0-3609-BDE2-1930B2A3F6A3}.Release|x64.Build.0 = Release|x64
		{A12FC363-A317-301D-AC4D-0FFA64F25EAD}.Debug|x64.ActiveCfg = Debug|x64
		{A12FC363-A317-301D-AC4D-0FFA64F25EAD}.Debug|x64.Build.0 = Debug|x64
		{A12FC363-A317-301D-AC4D-0FFA64F25EAD}.Release|x64.ActiveCfg = Release|x64
		{A12FC363-A317-301D-AC4D-0FFA64F25EAD}.Release|x64.Build.0 = Release|x64
		{2F428957-9779-3E45-A363-086F5B0B348F}.Debug|x64.ActiveCfg = Debug|x64
		{2F428957-9779-3E45-A363-086F5B0B348F}.Release|x64.ActiveCfg = Release|x64
		{04538FAB-A551-3161-A741-741574D36A50}.Debug|x64.ActiveCfg = Debug|x64
		{04538FAB-A551-3161-A741-741574D36A50}.Release|x64.ActiveCfg = Release|x64
	EndGlobalSection
	GlobalSection(ExtensibilityGlobals) = postSolution
		SolutionGuid = {EA74C3F8-F246-3224-AB8C-BCE1405AE687}
	EndGlobalSection
	GlobalSection(ExtensibilityAddIns) = postSolution
	EndGlobalSection
EndGlobal
