<?xml version="1.0" encoding="utf-8"?>
<Project ToolsVersion="17.0" xmlns="http://schemas.microsoft.com/developer/msbuild/2003">
  <ItemGroup>
    <ClCompile Include="D:\work_mine\3rd_libs\libevent-2.1.12-stable\test\test-init.c">
      <Filter>Source Files</Filter>
    </ClCompile>
  </ItemGroup>
  <ItemGroup>
    <CustomBuild Include="D:\work_mine\3rd_libs\libevent-2.1.12-stable\CMakeLists.txt" />
  </ItemGroup>
  <ItemGroup>
    <Filter Include="Source Files">
      <UniqueIdentifier>{C40D7BB3-21C5-3D0C-BAEA-8E943E13C58B}</UniqueIdentifier>
    </Filter>
  </ItemGroup>
</Project>
