<?xml version="1.0" encoding="utf-8"?>
<Project ToolsVersion="4.0" xmlns="http://schemas.microsoft.com/developer/msbuild/2003">
  <ItemGroup>
    <ClInclude Include="server_common.pb.h" />
    <ClInclude Include="msg_module.pb.h" />
    <ClInclude Include="result_code.pb.h" />
    <ClInclude Include="msg_common.pb.h" />
    <ClInclude Include="msg_module_login.pb.h" />
    <ClInclude Include="msg_module_servercommon.pb.h" />
    <ClInclude Include="msg_module_serverinner.pb.h" />
    <ClInclude Include="msg_module_http.pb.h" />
    <ClInclude Include="msg_module_hero.pb.h" />
    <ClInclude Include="msg_module_mail.pb.h" />
    <ClInclude Include="msg_module_battle.pb.h" />
    <ClInclude Include="msg_module_serverbattle.pb.h" />
    <ClInclude Include="msg_module_serverdb.pb.h" />
  </ItemGroup>
  <ItemGroup>
    <ClCompile Include="server_common.pb.cc" />
    <ClCompile Include="result_code.pb.cc" />
    <ClCompile Include="msg_module.pb.cc" />
    <ClCompile Include="msg_common.pb.cc" />
    <ClCompile Include="msg_module_login.pb.cc" />
    <ClCompile Include="msg_module_servercommon.pb.cc" />
    <ClCompile Include="msg_module_serverinner.pb.cc" />
    <ClCompile Include="msg_module_http.pb.cc" />
    <ClCompile Include="msg_module_hero.pb.cc" />
    <ClCompile Include="msg_module_mail.pb.cc" />
    <ClCompile Include="msg_module_battle.pb.cc" />
    <ClCompile Include="msg_module_serverbattle.pb.cc" />
    <ClCompile Include="msg_module_serverdb.pb.cc" />
  </ItemGroup>
</Project>